<?xml version="1.0" encoding="utf-8"?>
<Project ToolsVersion="4.0" xmlns="http://schemas.microsoft.com/developer/msbuild/2003">
  <ItemGroup>
    <Filter Include="ソース ファイル">
      <UniqueIdentifier>{4FC737F1-C7A5-4376-A066-2A32D752A2FF}</UniqueIdentifier>
      <Extensions>cpp;c;cc;cxx;c++;cppm;ixx;def;odl;idl;hpj;bat;asm;asmx</Extensions>
    </Filter>
    <Filter Include="ヘッダー ファイル">
      <UniqueIdentifier>{93995380-89BD-4b04-88EB-625FBE52EBFB}</UniqueIdentifier>
      <Extensions>h;hh;hpp;hxx;h++;hm;inl;inc;ipp;xsd</Extensions>
    </Filter>
    <Filter Include="リソース ファイル">
      <UniqueIdentifier>{67DA6AB6-F800-4c08-8B7A-83BB121AAD01}</UniqueIdentifier>
      <Extensions>rc;ico;cur;bmp;dlg;rc2;rct;bin;rgs;gif;jpg;jpeg;jpe;resx;tiff;tif;png;wav;mfcribbon-ms</Extensions>
    </Filter>
    <Filter Include="ヘッダー ファイル\Object">
      <UniqueIdentifier>{df92db9b-fa4d-4daa-bcb5-339a6c5d6d1d}</UniqueIdentifier>
    </Filter>
    <Filter Include="ソース ファイル\Object">
      <UniqueIdentifier>{dc43a9a7-c07d-4e31-a4b5-107ab61929fc}</UniqueIdentifier>
    </Filter>
    <Filter Include="ヘッダー ファイル\Object\Player">
      <UniqueIdentifier>{75d0d2a9-3613-4e7a-ae94-48310a858a5d}</UniqueIdentifier>
    </Filter>
    <Filter Include="ソース ファイル\Object\Player">
      <UniqueIdentifier>{712b660a-471b-452b-8849-805fed6a4eba}</UniqueIdentifier>
    </Filter>
    <Filter Include="ソース ファイル\Object\Enemy">
      <UniqueIdentifier>{ea6ad9ff-352f-4980-a85d-dc0cce537811}</UniqueIdentifier>
    </Filter>
    <Filter Include="ヘッダー ファイル\Map">
      <UniqueIdentifier>{3c9133fc-8e7c-4b14-9798-05917555ecfb}</UniqueIdentifier>
    </Filter>
    <Filter Include="ソース ファイル\Map">
      <UniqueIdentifier>{0ee56339-fd30-431c-bad2-9ae14bec80e4}</UniqueIdentifier>
    </Filter>
    <Filter Include="ヘッダー ファイル\Mode">
      <UniqueIdentifier>{2609638d-78fe-47f3-a8c0-83f4a6a95c79}</UniqueIdentifier>
    </Filter>
    <Filter Include="ヘッダー ファイル\Server">
      <UniqueIdentifier>{d26161e7-5f44-42dd-a6ec-9300a8f38acc}</UniqueIdentifier>
    </Filter>
    <Filter Include="ソース ファイル\Mode">
      <UniqueIdentifier>{fd3912b9-b72a-4fc5-993a-342830150ad2}</UniqueIdentifier>
    </Filter>
    <Filter Include="ソース ファイル\Server">
      <UniqueIdentifier>{48c37d5a-b85b-4eeb-8f63-19768a679f3e}</UniqueIdentifier>
    </Filter>
    <Filter Include="ソース ファイル\Object\Enemy\Bushi">
      <UniqueIdentifier>{21ac1a30-ed2e-44d1-94e0-5a6d51b02345}</UniqueIdentifier>
    </Filter>
    <Filter Include="ヘッダー ファイル\Object\Enemy">
      <UniqueIdentifier>{f3506fc6-9b66-435e-ae95-598226381cc2}</UniqueIdentifier>
    </Filter>
    <Filter Include="ヘッダー ファイル\Object\Enemy\Bushi">
      <UniqueIdentifier>{822421f4-09e9-45e7-b188-5a5e90e6ab42}</UniqueIdentifier>
    </Filter>
    <Filter Include="ソース ファイル\Object\Enemy\Ninja">
      <UniqueIdentifier>{f9af4ac1-30a4-4f21-8ddb-18e618d4cdef}</UniqueIdentifier>
    </Filter>
    <Filter Include="ヘッダー ファイル\Object\Enemy\Ninja">
      <UniqueIdentifier>{9fb4920b-6f2c-4203-9736-a6e920e48f2c}</UniqueIdentifier>
    </Filter>
    <Filter Include="ヘッダー ファイル\Object\UI">
      <UniqueIdentifier>{6c948099-e96c-427d-bb4d-cc611cdf1e35}</UniqueIdentifier>
    </Filter>
    <Filter Include="ソース ファイル\Object\UI">
      <UniqueIdentifier>{60eadb5e-53fb-4586-b85a-313424b70244}</UniqueIdentifier>
    </Filter>
    <Filter Include="ヘッダー ファイル\Object\Collision">
      <UniqueIdentifier>{bb59c9a7-0543-4a13-bbbc-f0479c6219bd}</UniqueIdentifier>
    </Filter>
    <Filter Include="ソース ファイル\Object\Collision">
      <UniqueIdentifier>{a4461ce0-113e-4e53-914c-4475bc165e7c}</UniqueIdentifier>
    </Filter>
    <Filter Include="ヘッダー ファイル\Object\Particle">
      <UniqueIdentifier>{b0d0d112-d46a-458b-9734-c4b61372abe9}</UniqueIdentifier>
    </Filter>
    <Filter Include="ソース ファイル\Object\Particle">
      <UniqueIdentifier>{2fab9641-8516-446a-b9ae-64caa4de552b}</UniqueIdentifier>
    </Filter>
    <Filter Include="ヘッダー ファイル\Object\Enemy\Sierder">
      <UniqueIdentifier>{4e820f49-7412-4bfc-bef8-66ac8be3500c}</UniqueIdentifier>
    </Filter>
    <Filter Include="ソース ファイル\Object\Enemy\Sielder">
      <UniqueIdentifier>{4363bffc-dcff-4b1e-9fc6-91ccf89a3f3b}</UniqueIdentifier>
    </Filter>
    <Filter Include="ヘッダー ファイル\Object\Spawn">
      <UniqueIdentifier>{512c20bd-8564-4c91-9b90-4a6e721b81d0}</UniqueIdentifier>
    </Filter>
    <Filter Include="ソース ファイル\Object\Spawn">
      <UniqueIdentifier>{c1e6d9cb-0508-4390-9fbe-3a1830751813}</UniqueIdentifier>
    </Filter>
    <Filter Include="ソース ファイル\Object\Gimik">
      <UniqueIdentifier>{edf42e63-de24-4666-9a72-ff363dc1e727}</UniqueIdentifier>
    </Filter>
    <Filter Include="ヘッダー ファイル\Object\Gimik">
      <UniqueIdentifier>{3bb90729-b7c2-43aa-8469-5ff827901e50}</UniqueIdentifier>
    </Filter>
    <Filter Include="ヘッダー ファイル\Object\OutGame">
      <UniqueIdentifier>{ae0e9924-196f-4c63-8d11-25952dfbc536}</UniqueIdentifier>
    </Filter>
    <Filter Include="ソース ファイル\Object\Outgame">
      <UniqueIdentifier>{5e3df5e7-2337-4c07-a3d2-5e2b9247b479}</UniqueIdentifier>
    </Filter>
  </ItemGroup>
  <ItemGroup>
    <ClCompile Include="Main.cpp">
      <Filter>ソース ファイル</Filter>
    </ClCompile>
    <ClCompile Include="Game.cpp">
      <Filter>ソース ファイル</Filter>
    </ClCompile>
    <ClCompile Include="Player.cpp">
      <Filter>ソース ファイル\Object\Player</Filter>
    </ClCompile>
    <ClCompile Include="BackGround.cpp">
      <Filter>ソース ファイル\Map</Filter>
    </ClCompile>
    <ClCompile Include="MapChip.cpp">
      <Filter>ソース ファイル\Map</Filter>
    </ClCompile>
    <ClCompile Include="ModeBase.cpp">
      <Filter>ソース ファイル\Mode</Filter>
    </ClCompile>
    <ClCompile Include="ModeGame.cpp">
      <Filter>ソース ファイル\Mode</Filter>
    </ClCompile>
    <ClCompile Include="ModeServer.cpp">
      <Filter>ソース ファイル\Server</Filter>
    </ClCompile>
    <ClCompile Include="ModeTitle.cpp">
      <Filter>ソース ファイル\Mode</Filter>
    </ClCompile>
    <ClCompile Include="ResourceServer.cpp">
      <Filter>ソース ファイル\Server</Filter>
    </ClCompile>
    <ClCompile Include="ObjectServer.cpp">
      <Filter>ソース ファイル\Server</Filter>
    </ClCompile>
    <ClCompile Include="Bushi.cpp">
      <Filter>ソース ファイル\Object\Enemy\Bushi</Filter>
    </ClCompile>
    <ClCompile Include="Ninja.cpp">
      <Filter>ソース ファイル\Object\Enemy\Ninja</Filter>
    </ClCompile>
    <ClCompile Include="BushiMotion.cpp">
      <Filter>ソース ファイル\Object\Enemy\Bushi</Filter>
    </ClCompile>
    <ClCompile Include="PlayerHp.cpp">
      <Filter>ソース ファイル\Object\UI</Filter>
    </ClCompile>
    <ClCompile Include="EnemyBase.cpp">
      <Filter>ソース ファイル\Object\Enemy</Filter>
    </ClCompile>
    <ClCompile Include="PlayerMotionCollision.cpp">
      <Filter>ソース ファイル\Object\Collision</Filter>
    </ClCompile>
    <ClCompile Include="NinjaMotionCollision.cpp">
      <Filter>ソース ファイル\Object\Collision</Filter>
    </ClCompile>
    <ClCompile Include="BushiMotionCollision.cpp">
      <Filter>ソース ファイル\Object\Collision</Filter>
    </ClCompile>
    <ClCompile Include="ParticleBase.cpp">
      <Filter>ソース ファイル\Object\Particle</Filter>
    </ClCompile>
    <ClCompile Include="ObjectBase.cpp">
      <Filter>ソース ファイル\Object</Filter>
    </ClCompile>
    <ClCompile Include="Math.cpp">
      <Filter>ソース ファイル</Filter>
    </ClCompile>
    <ClCompile Include="Shielder.cpp">
      <Filter>ソース ファイル\Object\Enemy\Sielder</Filter>
    </ClCompile>
    <ClCompile Include="SielderMotion.cpp">
      <Filter>ソース ファイル\Object\Enemy\Sielder</Filter>
    </ClCompile>
    <ClCompile Include="SielderMotionCollision.cpp">
      <Filter>ソース ファイル\Object\Collision</Filter>
    </ClCompile>
    <ClCompile Include="Shield.cpp">
      <Filter>ソース ファイル\Object\Enemy\Sielder</Filter>
    </ClCompile>
    <ClCompile Include="EnemySpawn.cpp">
      <Filter>ソース ファイル\Object\Spawn</Filter>
    </ClCompile>
    <ClCompile Include="SpawnBlock.cpp">
      <Filter>ソース ファイル\Object\Spawn</Filter>
    </ClCompile>
    <ClCompile Include="SpawnBlockBase.cpp">
      <Filter>ソース ファイル\Object\Spawn</Filter>
    </ClCompile>
    <ClCompile Include="Stair.cpp">
      <Filter>ソース ファイル\Object\Gimik</Filter>
    </ClCompile>
    <ClCompile Include="GimikPlacement.cpp">
      <Filter>ソース ファイル\Object\Gimik</Filter>
    </ClCompile>
    <ClCompile Include="PrivateCollision.cpp">
      <Filter>ソース ファイル\Object\Collision</Filter>
    </ClCompile>
    <ClCompile Include="PlayerMotion.cpp">
      <Filter>ソース ファイル\Object\Player</Filter>
    </ClCompile>
    <ClCompile Include="Andon.cpp">
      <Filter>ソース ファイル\Object\Gimik</Filter>
    </ClCompile>
    <ClCompile Include="Flame.cpp">
      <Filter>ソース ファイル\Object\Gimik</Filter>
    </ClCompile>
    <ClCompile Include="Kunai.cpp">
      <Filter>ソース ファイル\Object\Enemy\Ninja</Filter>
    </ClCompile>
    <ClCompile Include="NinjaMotion.cpp">
      <Filter>ソース ファイル\Object\Enemy\Ninja</Filter>
    </ClCompile>
    <ClCompile Include="PoisonNinja.cpp">
      <Filter>ソース ファイル\Object\Enemy\Ninja</Filter>
    </ClCompile>
    <ClCompile Include="Poison.cpp">
      <Filter>ソース ファイル\Object\Enemy\Ninja</Filter>
    </ClCompile>
    <ClCompile Include="Cursor.cpp">
      <Filter>ソース ファイル\Object\Outgame</Filter>
    </ClCompile>
    <ClCompile Include="TitleSelect.cpp">
      <Filter>ソース ファイル\Object\Outgame</Filter>
    </ClCompile>
    <ClCompile Include="PlayerParticle.cpp">
      <Filter>ソース ファイル\Object\Particle</Filter>
    </ClCompile>
    <ClCompile Include="OutGameParticle.cpp">
      <Filter>ソース ファイル\Object\Particle</Filter>
    </ClCompile>
    <ClCompile Include="IaiGauge.cpp">
      <Filter>ソース ファイル\Object\UI</Filter>
    </ClCompile>
  </ItemGroup>
  <ItemGroup>
    <ClInclude Include="Game.h">
      <Filter>ヘッダー ファイル</Filter>
    </ClInclude>
    <ClInclude Include="Player.h">
      <Filter>ヘッダー ファイル\Object\Player</Filter>
    </ClInclude>
    <ClInclude Include="HitBox.h">
      <Filter>ヘッダー ファイル\Map</Filter>
    </ClInclude>
    <ClInclude Include="MapChip.h">
      <Filter>ヘッダー ファイル\Map</Filter>
    </ClInclude>
    <ClInclude Include="BackGround.h">
      <Filter>ヘッダー ファイル\Map</Filter>
    </ClInclude>
    <ClInclude Include="ModeBase.h">
      <Filter>ヘッダー ファイル\Mode</Filter>
    </ClInclude>
    <ClInclude Include="ModeGame.h">
      <Filter>ヘッダー ファイル\Mode</Filter>
    </ClInclude>
    <ClInclude Include="ModeTitle.h">
      <Filter>ヘッダー ファイル\Mode</Filter>
    </ClInclude>
    <ClInclude Include="ModeServer.h">
      <Filter>ヘッダー ファイル\Server</Filter>
    </ClInclude>
    <ClInclude Include="ObjectServer.h">
      <Filter>ヘッダー ファイル\Server</Filter>
    </ClInclude>
    <ClInclude Include="ResourceServer.h">
      <Filter>ヘッダー ファイル\Server</Filter>
    </ClInclude>
    <ClInclude Include="Bushi.h">
      <Filter>ヘッダー ファイル\Object\Enemy\Bushi</Filter>
    </ClInclude>
    <ClInclude Include="PlayerHp.h">
      <Filter>ヘッダー ファイル\Object\UI</Filter>
    </ClInclude>
    <ClInclude Include="PlayerMotionCollision.h">
      <Filter>ヘッダー ファイル\Object\Collision</Filter>
    </ClInclude>
    <ClInclude Include="BushiMotionCollision.h">
      <Filter>ヘッダー ファイル\Object\Collision</Filter>
    </ClInclude>
    <ClInclude Include="NinjaMotionCollision.h">
      <Filter>ヘッダー ファイル\Object\Collision</Filter>
    </ClInclude>
    <ClInclude Include="ObjectBase.h">
      <Filter>ヘッダー ファイル\Object</Filter>
    </ClInclude>
    <ClInclude Include="EnemyBase.h">
      <Filter>ヘッダー ファイル\Object\Enemy</Filter>
    </ClInclude>
    <ClInclude Include="ParticleBase.h">
      <Filter>ヘッダー ファイル\Object\Particle</Filter>
    </ClInclude>
    <ClInclude Include="Math.h">
      <Filter>ヘッダー ファイル</Filter>
    </ClInclude>
    <ClInclude Include="Shielder.h">
      <Filter>ヘッダー ファイル\Object\Enemy\Sierder</Filter>
    </ClInclude>
    <ClInclude Include="ShielderMotionCollision.h">
      <Filter>ヘッダー ファイル\Object\Collision</Filter>
    </ClInclude>
    <ClInclude Include="Shield.h">
      <Filter>ヘッダー ファイル\Object\Enemy\Sierder</Filter>
    </ClInclude>
    <ClInclude Include="EnemySpawn.h">
      <Filter>ヘッダー ファイル\Object\Spawn</Filter>
    </ClInclude>
    <ClInclude Include="SpawnBlock.h">
      <Filter>ヘッダー ファイル\Object\Spawn</Filter>
    </ClInclude>
    <ClInclude Include="SpawnBlockBase.h">
      <Filter>ヘッダー ファイル\Object\Spawn</Filter>
    </ClInclude>
    <ClInclude Include="GimikPlacement.h">
      <Filter>ヘッダー ファイル\Object\Gimik</Filter>
    </ClInclude>
    <ClInclude Include="Stair.h">
      <Filter>ヘッダー ファイル\Object\Gimik</Filter>
    </ClInclude>
    <ClInclude Include="PrivateCollision.h">
      <Filter>ヘッダー ファイル\Object\Collision</Filter>
    </ClInclude>
    <ClInclude Include="Ninja.h">
      <Filter>ヘッダー ファイル\Object\Enemy\Ninja</Filter>
    </ClInclude>
    <ClInclude Include="PoisonNinja.h">
      <Filter>ヘッダー ファイル\Object\Gimik</Filter>
    </ClInclude>
    <ClInclude Include="Poison.h">
      <Filter>ヘッダー ファイル\Object\Gimik</Filter>
    </ClInclude>
    <ClInclude Include="Andon.h">
      <Filter>ヘッダー ファイル\Object\Gimik</Filter>
    </ClInclude>
    <ClInclude Include="Flame.h">
      <Filter>ヘッダー ファイル\Object\Gimik</Filter>
    </ClInclude>
    <ClInclude Include="Kunai.h">
      <Filter>ヘッダー ファイル\Object\Enemy\Ninja</Filter>
    </ClInclude>
    <ClInclude Include="Cursor.h">
      <Filter>ヘッダー ファイル\Object\OutGame</Filter>
    </ClInclude>
    <ClInclude Include="TitleSelect.h">
      <Filter>ヘッダー ファイル\Object\OutGame</Filter>
    </ClInclude>
    <ClInclude Include="PlayerParticle.h">
      <Filter>ヘッダー ファイル\Object\Particle</Filter>
    </ClInclude>
    <ClInclude Include="OutGameParticle.h">
      <Filter>ヘッダー ファイル\Object\Particle</Filter>
    </ClInclude>
    <ClInclude Include="IaiGauge.h">
      <Filter>ヘッダー ファイル\Object\UI</Filter>
    </ClInclude>
  </ItemGroup>
</Project>